
Microsoft Visual Studio Solution File, Format Version 12.00
# Visual Studio 14
VisualStudioVersion = 14.0.25420.1
MinimumVisualStudioVersion = 10.0.40219.1
Project("{FAE04EC0-301F-11D3-BF4B-00C04F79EFBC}") = "SFA.DAS.CollectionEarnings.DataLock", "SFA.DAS.CollectionEarnings.DataLock\SFA.DAS.CollectionEarnings.DataLock.csproj", "{E0B60D5B-969C-4C05-A636-27788CD19BE0}"
EndProject
Project("{2150E333-8FDC-42A3-9474-1A3956D46DE8}") = "Tests", "Tests", "{C69707A2-A4B1-497A-B10E-74BF405DFB13}"
EndProject
Project("{FAE04EC0-301F-11D3-BF4B-00C04F79EFBC}") = "SFA.DAS.CollectionEarnings.DataLock.UnitTests", "SFA.DAS.CollectionEarnings.DataLock.UnitTests\SFA.DAS.CollectionEarnings.DataLock.UnitTests.csproj", "{79593EF5-9F58-4E91-BE67-C5D20EE0DBC0}"
EndProject
Project("{FAE04EC0-301F-11D3-BF4B-00C04F79EFBC}") = "SFA.DAS.CollectionEarnings.DataLock.IntegrationTests", "SFA.DAS.CollectionEarnings.DataLock.IntegrationTests\SFA.DAS.CollectionEarnings.DataLock.IntegrationTests.csproj", "{44D50594-88B7-4573-8C82-9DAB9937A5BB}"
EndProject
Project("{2150E333-8FDC-42A3-9474-1A3956D46DE8}") = "Sql - Ilr Submission", "Sql - Ilr Submission", "{5FFE098D-04DD-4C9A-BD31-7867009C8719}"
	ProjectSection(SolutionItems) = preProject
		Deploy\sql\ddl\Ilr.Transient.DataLock.DDL.Tables.sql = Deploy\sql\ddl\Ilr.Transient.DataLock.DDL.Tables.sql
		Deploy\sql\ddl\Ilr.Transient.DataLock.DDL.Views.sql = Deploy\sql\ddl\Ilr.Transient.DataLock.DDL.Views.sql
		Deploy\sql\ddl\Ilr.Transient.Reference.DDL.Tables.sql = Deploy\sql\ddl\Ilr.Transient.Reference.DDL.Tables.sql
	EndProjectSection
EndProject
Project("{2150E333-8FDC-42A3-9474-1A3956D46DE8}") = "Sql - Ilr Period End", "Sql - Ilr Period End", "{5924484A-3E97-41A7-9567-9AAA751B7BB5}"
	ProjectSection(SolutionItems) = preProject
		DeployPeriodEnd\sql\ddl\PeriodEnd.Transient.DataLock.DDL.Tables.sql = DeployPeriodEnd\sql\ddl\PeriodEnd.Transient.DataLock.DDL.Tables.sql
		DeployPeriodEnd\sql\ddl\PeriodEnd.Transient.DataLock.DDL.Views.sql = DeployPeriodEnd\sql\ddl\PeriodEnd.Transient.DataLock.DDL.Views.sql
		DeployPeriodEnd\sql\ddl\PeriodEnd.Transient.Reference.DDL.Tables.sql = DeployPeriodEnd\sql\ddl\PeriodEnd.Transient.Reference.DDL.Tables.sql
	EndProjectSection
EndProject
Global
	GlobalSection(SolutionConfigurationPlatforms) = preSolution
		Debug|Any CPU = Debug|Any CPU
		Release|Any CPU = Release|Any CPU
	EndGlobalSection
	GlobalSection(ProjectConfigurationPlatforms) = postSolution
		{E0B60D5B-969C-4C05-A636-27788CD19BE0}.Debug|Any CPU.ActiveCfg = Debug|Any CPU
		{E0B60D5B-969C-4C05-A636-27788CD19BE0}.Debug|Any CPU.Build.0 = Debug|Any CPU
		{E0B60D5B-969C-4C05-A636-27788CD19BE0}.Release|Any CPU.ActiveCfg = Release|Any CPU
		{E0B60D5B-969C-4C05-A636-27788CD19BE0}.Release|Any CPU.Build.0 = Release|Any CPU
		{79593EF5-9F58-4E91-BE67-C5D20EE0DBC0}.Debug|Any CPU.ActiveCfg = Debug|Any CPU
		{79593EF5-9F58-4E91-BE67-C5D20EE0DBC0}.Debug|Any CPU.Build.0 = Debug|Any CPU
		{79593EF5-9F58-4E91-BE67-C5D20EE0DBC0}.Release|Any CPU.ActiveCfg = Release|Any CPU
		{79593EF5-9F58-4E91-BE67-C5D20EE0DBC0}.Release|Any CPU.Build.0 = Release|Any CPU
		{44D50594-88B7-4573-8C82-9DAB9937A5BB}.Debug|Any CPU.ActiveCfg = Debug|Any CPU
		{44D50594-88B7-4573-8C82-9DAB9937A5BB}.Debug|Any CPU.Build.0 = Debug|Any CPU
		{44D50594-88B7-4573-8C82-9DAB9937A5BB}.Release|Any CPU.ActiveCfg = Release|Any CPU
		{44D50594-88B7-4573-8C82-9DAB9937A5BB}.Release|Any CPU.Build.0 = Release|Any CPU
	EndGlobalSection
	GlobalSection(SolutionProperties) = preSolution
		HideSolutionNode = FALSE
	EndGlobalSection
	GlobalSection(NestedProjects) = preSolution
		{79593EF5-9F58-4E91-BE67-C5D20EE0DBC0} = {C69707A2-A4B1-497A-B10E-74BF405DFB13}
		{44D50594-88B7-4573-8C82-9DAB9937A5BB} = {C69707A2-A4B1-497A-B10E-74BF405DFB13}
	EndGlobalSection
EndGlobal
