
Microsoft Visual Studio Solution File, Format Version 12.00
# Visual Studio 14
VisualStudioVersion = 14.0.25420.1
MinimumVisualStudioVersion = 10.0.40219.1
Project("{FAE04EC0-301F-11D3-BF4B-00C04F79EFBC}") = "SFA.DAS.CollectionEarnings.Calculator", "SFA.DAS.CollectionEarnings.Calculator\SFA.DAS.CollectionEarnings.Calculator.csproj", "{49D934F3-2120-4268-8143-C3C85EF85BA7}"
EndProject
Project("{2150E333-8FDC-42A3-9474-1A3956D46DE8}") = "Tests", "Tests", "{92A698D9-7DA6-435A-B594-3878883DE692}"
EndProject
Project("{FAE04EC0-301F-11D3-BF4B-00C04F79EFBC}") = "SFA.DAS.CollectionEarnings.Calculator.UnitTests", "SFA.DAS.CollectionEarnings.Calculator.UnitTests\SFA.DAS.CollectionEarnings.Calculator.UnitTests.csproj", "{2E68F7BD-D201-4D64-88E2-3649F3A79208}"
EndProject
Project("{FAE04EC0-301F-11D3-BF4B-00C04F79EFBC}") = "SFA.DAS.CollectionEarnings.Calculator.IntegrationTests", "SFA.DAS.CollectionEarnings.Calculator.IntegrationTests\SFA.DAS.CollectionEarnings.Calculator.IntegrationTests.csproj", "{3D3E1EF2-C096-416A-B431-B102B25FF6B7}"
EndProject
Project("{2150E333-8FDC-42A3-9474-1A3956D46DE8}") = "Sql", "Sql", "{D53DFB72-0240-4DB9-953B-DD626D871E76}"
	ProjectSection(SolutionItems) = preProject
		Deploy\sql\ddl\Ilr.Deds.Earnings.DDL.Tables.sql = Deploy\sql\ddl\Ilr.Deds.Earnings.DDL.Tables.sql
		Deploy\sql\ddl\Ilr.Transient.Earnings.DDL.Tables.sql = Deploy\sql\ddl\Ilr.Transient.Earnings.DDL.Tables.sql
		Deploy\sql\ddl\Ilr.Transient.Earnings.DDL.Views.sql = Deploy\sql\ddl\Ilr.Transient.Earnings.DDL.Views.sql
	EndProjectSection
EndProject
Global
	GlobalSection(SolutionConfigurationPlatforms) = preSolution
		Debug|Any CPU = Debug|Any CPU
		Release|Any CPU = Release|Any CPU
	EndGlobalSection
	GlobalSection(ProjectConfigurationPlatforms) = postSolution
		{49D934F3-2120-4268-8143-C3C85EF85BA7}.Debug|Any CPU.ActiveCfg = Debug|Any CPU
		{49D934F3-2120-4268-8143-C3C85EF85BA7}.Debug|Any CPU.Build.0 = Debug|Any CPU
		{49D934F3-2120-4268-8143-C3C85EF85BA7}.Release|Any CPU.ActiveCfg = Release|Any CPU
		{49D934F3-2120-4268-8143-C3C85EF85BA7}.Release|Any CPU.Build.0 = Release|Any CPU
		{2E68F7BD-D201-4D64-88E2-3649F3A79208}.Debug|Any CPU.ActiveCfg = Debug|Any CPU
		{2E68F7BD-D201-4D64-88E2-3649F3A79208}.Debug|Any CPU.Build.0 = Debug|Any CPU
		{2E68F7BD-D201-4D64-88E2-3649F3A79208}.Release|Any CPU.ActiveCfg = Release|Any CPU
		{2E68F7BD-D201-4D64-88E2-3649F3A79208}.Release|Any CPU.Build.0 = Release|Any CPU
		{3D3E1EF2-C096-416A-B431-B102B25FF6B7}.Debug|Any CPU.ActiveCfg = Debug|Any CPU
		{3D3E1EF2-C096-416A-B431-B102B25FF6B7}.Debug|Any CPU.Build.0 = Debug|Any CPU
		{3D3E1EF2-C096-416A-B431-B102B25FF6B7}.Release|Any CPU.ActiveCfg = Release|Any CPU
		{3D3E1EF2-C096-416A-B431-B102B25FF6B7}.Release|Any CPU.Build.0 = Release|Any CPU
	EndGlobalSection
	GlobalSection(SolutionProperties) = preSolution
		HideSolutionNode = FALSE
	EndGlobalSection
	GlobalSection(NestedProjects) = preSolution
		{2E68F7BD-D201-4D64-88E2-3649F3A79208} = {92A698D9-7DA6-435A-B594-3878883DE692}
		{3D3E1EF2-C096-416A-B431-B102B25FF6B7} = {92A698D9-7DA6-435A-B594-3878883DE692}
	EndGlobalSection
EndGlobal
